
Microsoft Visual Studio Solution File, Format Version 12.00
# Visual Studio Version 16
VisualStudioVersion = 16.0.30114.105
MinimumVisualStudioVersion = 10.0.40219.1
Project("{8BC9CEB8-8B4A-11D0-8D11-00A0C91BC942}") = "CellularAutomata", "CellularAutomata\CellularAutomata.vcxproj", "{95C89521-81C1-B473-AAF3-99F8964B947F}"
EndProject
Project("{8BC9CEB8-8B4A-11D0-8D11-00A0C91BC942}") = "CellularAutomataWorld", "CellularAutomataWorld\CellularAutomataWorld.vcxproj", "{DD926850-49FF-234B-12F3-BBA87E1E46B3}"
EndProject
Project("{8BC9CEB8-8B4A-11D0-8D11-00A0C91BC942}") = "Engine", "Yangine\Engine.vcxproj", "{DBC7D3B0-C769-FE86-B024-12DB9C6585D7}"
EndProject
Project("{8BC9CEB8-8B4A-11D0-8D11-00A0C91BC942}") = "GameOfLife", "GameOfLife\GameOfLife.vcxproj", "{D4522D2E-C00A-6F7B-2912-48D715E9096C}"
EndProject
Project("{8BC9CEB8-8B4A-11D0-8D11-00A0C91BC942}") = "LSystems", "LSystems\LSystems.vcxproj", "{89BD02B7-758A-5DC2-9EA3-4B6A8ACF9250}"
EndProject
Project("{8BC9CEB8-8B4A-11D0-8D11-00A0C91BC942}") = "PerlinNoiseWorld", "PerlinNoiseWorld\PerlinNoiseWorld.vcxproj", "{757C8364-6175-A2B6-8AA7-873B76FF81C2}"
EndProject
Project("{2150E333-8FDC-42A3-9474-1A3956D46DE8}") = "Mod04", "Mod04", "{2DA4258C-8DBD-4F3D-8CA6-C68377CC19D0}"
EndProject
Project("{2150E333-8FDC-42A3-9474-1A3956D46DE8}") = "Mod05", "Mod05", "{C805D63C-5549-4111-A5B9-0CA80145CC97}"
EndProject
Project("{2150E333-8FDC-42A3-9474-1A3956D46DE8}") = "Mod06", "Mod06", "{00B2B2F3-FE3A-4C2E-8A26-EAE12C8DB4BB}"
EndProject
Global
	GlobalSection(SolutionConfigurationPlatforms) = preSolution
		Debug|Win32 = Debug|Win32
		Debug|x64 = Debug|x64
		Release|Win32 = Release|Win32
		Release|x64 = Release|x64
	EndGlobalSection
	GlobalSection(ProjectConfigurationPlatforms) = postSolution
		{95C89521-81C1-B473-AAF3-99F8964B947F}.Debug|Win32.ActiveCfg = Debug|Win32
		{95C89521-81C1-B473-AAF3-99F8964B947F}.Debug|Win32.Build.0 = Debug|Win32
		{95C89521-81C1-B473-AAF3-99F8964B947F}.Debug|x64.ActiveCfg = Debug|x64
		{95C89521-81C1-B473-AAF3-99F8964B947F}.Debug|x64.Build.0 = Debug|x64
		{95C89521-81C1-B473-AAF3-99F8964B947F}.Release|Win32.ActiveCfg = Release|Win32
		{95C89521-81C1-B473-AAF3-99F8964B947F}.Release|Win32.Build.0 = Release|Win32
		{95C89521-81C1-B473-AAF3-99F8964B947F}.Release|x64.ActiveCfg = Release|x64
		{95C89521-81C1-B473-AAF3-99F8964B947F}.Release|x64.Build.0 = Release|x64
		{DD926850-49FF-234B-12F3-BBA87E1E46B3}.Debug|Win32.ActiveCfg = Debug|Win32
		{DD926850-49FF-234B-12F3-BBA87E1E46B3}.Debug|Win32.Build.0 = Debug|Win32
		{DD926850-49FF-234B-12F3-BBA87E1E46B3}.Debug|x64.ActiveCfg = Debug|x64
		{DD926850-49FF-234B-12F3-BBA87E1E46B3}.Debug|x64.Build.0 = Debug|x64
		{DD926850-49FF-234B-12F3-BBA87E1E46B3}.Release|Win32.ActiveCfg = Release|Win32
		{DD926850-49FF-234B-12F3-BBA87E1E46B3}.Release|Win32.Build.0 = Release|Win32
		{DD926850-49FF-234B-12F3-BBA87E1E46B3}.Release|x64.ActiveCfg = Release|x64
		{DD926850-49FF-234B-12F3-BBA87E1E46B3}.Release|x64.Build.0 = Release|x64
		{DBC7D3B0-C769-FE86-B024-12DB9C6585D7}.Debug|Win32.ActiveCfg = Debug|Win32
		{DBC7D3B0-C769-FE86-B024-12DB9C6585D7}.Debug|Win32.Build.0 = Debug|Win32
		{DBC7D3B0-C769-FE86-B024-12DB9C6585D7}.Debug|x64.ActiveCfg = Debug|x64
		{DBC7D3B0-C769-FE86-B024-12DB9C6585D7}.Debug|x64.Build.0 = Debug|x64
		{DBC7D3B0-C769-FE86-B024-12DB9C6585D7}.Release|Win32.ActiveCfg = Release|Win32
		{DBC7D3B0-C769-FE86-B024-12DB9C6585D7}.Release|Win32.Build.0 = Release|Win32
		{DBC7D3B0-C769-FE86-B024-12DB9C6585D7}.Release|x64.ActiveCfg = Release|x64
		{DBC7D3B0-C769-FE86-B024-12DB9C6585D7}.Release|x64.Build.0 = Release|x64
		{D4522D2E-C00A-6F7B-2912-48D715E9096C}.Debug|Win32.ActiveCfg = Debug|Win32
		{D4522D2E-C00A-6F7B-2912-48D715E9096C}.Debug|Win32.Build.0 = Debug|Win32
		{D4522D2E-C00A-6F7B-2912-48D715E9096C}.Debug|x64.ActiveCfg = Debug|x64
		{D4522D2E-C00A-6F7B-2912-48D715E9096C}.Debug|x64.Build.0 = Debug|x64
		{D4522D2E-C00A-6F7B-2912-48D715E9096C}.Release|Win32.ActiveCfg = Release|Win32
		{D4522D2E-C00A-6F7B-2912-48D715E9096C}.Release|Win32.Build.0 = Release|Win32
		{D4522D2E-C00A-6F7B-2912-48D715E9096C}.Release|x64.ActiveCfg = Release|x64
		{D4522D2E-C00A-6F7B-2912-48D715E9096C}.Release|x64.Build.0 = Release|x64
		{89BD02B7-758A-5DC2-9EA3-4B6A8ACF9250}.Debug|Win32.ActiveCfg = Debug|Win32
		{89BD02B7-758A-5DC2-9EA3-4B6A8ACF9250}.Debug|Win32.Build.0 = Debug|Win32
		{89BD02B7-758A-5DC2-9EA3-4B6A8ACF9250}.Debug|x64.ActiveCfg = Debug|x64
		{89BD02B7-758A-5DC2-9EA3-4B6A8ACF9250}.Debug|x64.Build.0 = Debug|x64
		{89BD02B7-758A-5DC2-9EA3-4B6A8ACF9250}.Release|Win32.ActiveCfg = Release|Win32
		{89BD02B7-758A-5DC2-9EA3-4B6A8ACF9250}.Release|Win32.Build.0 = Release|Win32
		{89BD02B7-758A-5DC2-9EA3-4B6A8ACF9250}.Release|x64.ActiveCfg = Release|x64
		{89BD02B7-758A-5DC2-9EA3-4B6A8ACF9250}.Release|x64.Build.0 = Release|x64
		{757C8364-6175-A2B6-8AA7-873B76FF81C2}.Debug|Win32.ActiveCfg = Debug|Win32
		{757C8364-6175-A2B6-8AA7-873B76FF81C2}.Debug|Win32.Build.0 = Debug|Win32
		{757C8364-6175-A2B6-8AA7-873B76FF81C2}.Debug|x64.ActiveCfg = Debug|x64
		{757C8364-6175-A2B6-8AA7-873B76FF81C2}.Debug|x64.Build.0 = Debug|x64
		{757C8364-6175-A2B6-8AA7-873B76FF81C2}.Release|Win32.ActiveCfg = Release|Win32
		{757C8364-6175-A2B6-8AA7-873B76FF81C2}.Release|Win32.Build.0 = Release|Win32
		{757C8364-6175-A2B6-8AA7-873B76FF81C2}.Release|x64.ActiveCfg = Release|x64
		{757C8364-6175-A2B6-8AA7-873B76FF81C2}.Release|x64.Build.0 = Release|x64
	EndGlobalSection
	GlobalSection(SolutionProperties) = preSolution
		HideSolutionNode = FALSE
	EndGlobalSection
	GlobalSection(NestedProjects) = preSolution
		{95C89521-81C1-B473-AAF3-99F8964B947F} = {C805D63C-5549-4111-A5B9-0CA80145CC97}
		{DD926850-49FF-234B-12F3-BBA87E1E46B3} = {C805D63C-5549-4111-A5B9-0CA80145CC97}
		{D4522D2E-C00A-6F7B-2912-48D715E9096C} = {C805D63C-5549-4111-A5B9-0CA80145CC97}
		{89BD02B7-758A-5DC2-9EA3-4B6A8ACF9250} = {00B2B2F3-FE3A-4C2E-8A26-EAE12C8DB4BB}
		{757C8364-6175-A2B6-8AA7-873B76FF81C2} = {2DA4258C-8DBD-4F3D-8CA6-C68377CC19D0}
	EndGlobalSection
	GlobalSection(ExtensibilityGlobals) = postSolution
		SolutionGuid = {2B61A54A-03B2-4BD1-B665-E94CF343D07E}
	EndGlobalSection
EndGlobal
