<?xml version="1.0" encoding="utf-8"?>
<Project ToolsVersion="4.0" xmlns="http://schemas.microsoft.com/developer/msbuild/2003">
  <ItemGroup>
    <Filter Include="Application">
      <UniqueIdentifier>{D9DE78AF-4594-F1A4-CE88-EB7B3A3DE8A8}</UniqueIdentifier>
    </Filter>
    <Filter Include="Logic">
      <UniqueIdentifier>{93E89C0D-FFFC-C4BE-C87E-681E3452C1EF}</UniqueIdentifier>
    </Filter>
    <Filter Include="Logic\Map">
      <UniqueIdentifier>{601450EC-CC7E-0463-15BD-B5088166E2B7}</UniqueIdentifier>
    </Filter>
    <Filter Include="Views">
      <UniqueIdentifier>{B38C4E0E-1FA1-76BF-E822-1A1F54F672F0}</UniqueIdentifier>
    </Filter>
    <Filter Include="Logic\Map\Generators">
      <UniqueIdentifier>{e7e4b0f7-f002-40ec-979d-942bb0d34113}</UniqueIdentifier>
    </Filter>
  </ItemGroup>
  <ItemGroup>
    <ClInclude Include="Source\Application\CellularAutomata_AppLayer.h">
      <Filter>Application</Filter>
    </ClInclude>
    <ClInclude Include="Source\Logic\CellularAutomata_GameLayer.h">
      <Filter>Logic</Filter>
    </ClInclude>
    <ClInclude Include="Source\Views\CameraView.h">
      <Filter>Views</Filter>
    </ClInclude>
    <ClInclude Include="Source\Logic\Map\CellularWorldMap.h">
      <Filter>Logic\Map</Filter>
    </ClInclude>
    <ClInclude Include="Source\Logic\Map\TileStatus.h">
      <Filter>Logic\Map</Filter>
    </ClInclude>
    <ClInclude Include="Source\Logic\Map\Generators\Generator.h">
      <Filter>Logic\Map\Generators</Filter>
    </ClInclude>
    <ClInclude Include="Source\Logic\Map\Generators\LakeGenerator.h">
      <Filter>Logic\Map\Generators</Filter>
    </ClInclude>
    <ClInclude Include="Source\Logic\Map\Generators\ForestPropagator.h">
      <Filter>Logic\Map\Generators</Filter>
    </ClInclude>
    <ClInclude Include="Source\Logic\Map\Generators\ForestGenerator.h">
      <Filter>Logic\Map\Generators</Filter>
    </ClInclude>
    <ClInclude Include="Source\Logic\Map\NoiseMap.h">
      <Filter>Logic\Map</Filter>
    </ClInclude>
    <ClInclude Include="Source\Logic\Map\Generators\VillageGenerator.h">
      <Filter>Logic\Map\Generators</Filter>
    </ClInclude>
    <ClInclude Include="Source\Logic\Map\Generators\RockGenerator.h">
      <Filter>Logic\Map\Generators</Filter>
    </ClInclude>
  </ItemGroup>
  <ItemGroup>
    <ClCompile Include="Source\Application\CellularAutomata_AppLayer.cpp">
      <Filter>Application</Filter>
    </ClCompile>
    <ClCompile Include="Source\Application\Main.cpp">
      <Filter>Application</Filter>
    </ClCompile>
    <ClCompile Include="Source\Logic\CellularAutomata_GameLayer.cpp">
      <Filter>Logic</Filter>
    </ClCompile>
    <ClCompile Include="Source\Views\CameraView.cpp">
      <Filter>Views</Filter>
    </ClCompile>
    <ClCompile Include="Source\Logic\Map\CellularWorldMap.cpp">
      <Filter>Logic\Map</Filter>
    </ClCompile>
    <ClCompile Include="Source\Logic\Map\Generators\LakeGenerator.cpp">
      <Filter>Logic\Map\Generators</Filter>
    </ClCompile>
    <ClCompile Include="Source\Logic\Map\Generators\ForestPropagator.cpp">
      <Filter>Logic\Map\Generators</Filter>
    </ClCompile>
    <ClCompile Include="Source\Logic\Map\Generators\ForestGenerator.cpp">
      <Filter>Logic\Map\Generators</Filter>
    </ClCompile>
    <ClCompile Include="Source\Logic\Map\NoiseMap.cpp">
      <Filter>Logic\Map</Filter>
    </ClCompile>
    <ClCompile Include="Source\Logic\Map\Generators\VillageGenerator.cpp">
      <Filter>Logic\Map\Generators</Filter>
    </ClCompile>
    <ClCompile Include="Source\Logic\Map\Generators\RockGenerator.cpp">
      <Filter>Logic\Map\Generators</Filter>
    </ClCompile>
  </ItemGroup>
</Project>