<?xml version="1.0" encoding="utf-8"?>
<Project ToolsVersion="4.0" xmlns="http://schemas.microsoft.com/developer/msbuild/2003">
  <ItemGroup>
    <Filter Include="Application">
      <UniqueIdentifier>{D9DE78AF-4594-F1A4-CE88-EB7B3A3DE8A8}</UniqueIdentifier>
    </Filter>
    <Filter Include="Logic">
      <UniqueIdentifier>{93E89C0D-FFFC-C4BE-C87E-681E3452C1EF}</UniqueIdentifier>
    </Filter>
    <Filter Include="Logic\Graph">
      <UniqueIdentifier>{5303bf5c-165a-4b2c-bf1b-cfcefe3cbabb}</UniqueIdentifier>
    </Filter>
    <Filter Include="Views">
      <UniqueIdentifier>{11894fba-998e-4001-9993-526f6e057487}</UniqueIdentifier>
    </Filter>
  </ItemGroup>
  <ItemGroup>
    <ClInclude Include="Source\Application\GraphApp.h">
      <Filter>Application</Filter>
    </ClInclude>
    <ClInclude Include="Source\Logic\GraphGame.h">
      <Filter>Logic</Filter>
    </ClInclude>
    <ClInclude Include="Source\Logic\Graph\RuleContainer.h">
      <Filter>Logic\Graph</Filter>
    </ClInclude>
    <ClInclude Include="Source\Logic\Graph\TransformationRule.h">
      <Filter>Logic\Graph</Filter>
    </ClInclude>
    <ClInclude Include="Source\Logic\Graph\Graph.h">
      <Filter>Logic\Graph</Filter>
    </ClInclude>
    <ClInclude Include="Source\Logic\Graph\GraphCommons.h">
      <Filter>Logic\Graph</Filter>
    </ClInclude>
    <ClInclude Include="Source\Logic\Graph\GraphPrinter.h">
      <Filter>Logic\Graph</Filter>
    </ClInclude>
    <ClInclude Include="Source\Logic\Graph\TileMap.h">
      <Filter>Logic\Graph</Filter>
    </ClInclude>
    <ClInclude Include="Source\Views\CameraView.h">
      <Filter>Views</Filter>
    </ClInclude>
    <ClInclude Include="Source\Logic\Graph\GraphDrawer.h">
      <Filter>Logic\Graph</Filter>
    </ClInclude>
  </ItemGroup>
  <ItemGroup>
    <ClCompile Include="Source\Application\GraphApp.cpp">
      <Filter>Application</Filter>
    </ClCompile>
    <ClCompile Include="Source\Application\Main.cpp">
      <Filter>Application</Filter>
    </ClCompile>
    <ClCompile Include="Source\Logic\GraphGame.cpp">
      <Filter>Logic</Filter>
    </ClCompile>
    <ClCompile Include="Source\Logic\Graph\Graph.cpp">
      <Filter>Logic\Graph</Filter>
    </ClCompile>
    <ClCompile Include="Source\Logic\Graph\GraphCommons.cpp">
      <Filter>Logic\Graph</Filter>
    </ClCompile>
    <ClCompile Include="Source\Logic\Graph\TransformationRule.cpp">
      <Filter>Logic\Graph</Filter>
    </ClCompile>
    <ClCompile Include="Source\Logic\Graph\RuleContainer.cpp">
      <Filter>Logic\Graph</Filter>
    </ClCompile>
    <ClCompile Include="Source\Logic\Graph\TileMap.cpp">
      <Filter>Logic\Graph</Filter>
    </ClCompile>
    <ClCompile Include="Source\Views\CameraView.cpp">
      <Filter>Views</Filter>
    </ClCompile>
    <ClCompile Include="Source\Logic\Graph\GraphDrawer.cpp">
      <Filter>Logic\Graph</Filter>
    </ClCompile>
  </ItemGroup>
</Project>